<?xml version="1.0" encoding="utf-8"?>
<Project ToolsVersion="4.0" xmlns="http://schemas.microsoft.com/developer/msbuild/2003">
  <ItemGroup>
    <ClCompile Include="Application.cpp" />
    <ClCompile Include="Main.cpp" />
    <ClCompile Include="Color.cpp">
      <Filter>Containers</Filter>
    </ClCompile>
    <ClCompile Include="Light.cpp">
      <Filter>Helpers</Filter>
    </ClCompile>
    <ClCompile Include="Primitive.cpp">
      <Filter>Helpers</Filter>
    </ClCompile>
    <ClCompile Include="ModuleCamera3D.cpp">
      <Filter>Modules</Filter>
    </ClCompile>
    <ClCompile Include="ModuleInput.cpp">
      <Filter>Modules</Filter>
    </ClCompile>
    <ClCompile Include="ModuleRenderer3D.cpp">
      <Filter>Modules</Filter>
    </ClCompile>
    <ClCompile Include="ModuleSceneIntro.cpp">
      <Filter>Modules</Filter>
    </ClCompile>
    <ClCompile Include="ModuleWindow.cpp">
      <Filter>Modules</Filter>
    </ClCompile>
    <ClCompile Include="imgui-1.65\imgui.cpp">
      <Filter>Tools\ImGui</Filter>
    </ClCompile>
    <ClCompile Include="imgui-1.65\imgui_demo.cpp">
      <Filter>Tools\ImGui</Filter>
    </ClCompile>
    <ClCompile Include="imgui-1.65\imgui_draw.cpp">
      <Filter>Tools\ImGui</Filter>
    </ClCompile>
    <ClCompile Include="imgui-1.65\imgui_impl_opengl2.cpp">
      <Filter>Tools\ImGui</Filter>
    </ClCompile>
    <ClCompile Include="imgui-1.65\imgui_impl_sdl.cpp">
      <Filter>Tools\ImGui</Filter>
    </ClCompile>
    <ClCompile Include="imgui-1.65\imgui_widgets.cpp">
      <Filter>Tools\ImGui</Filter>
    </ClCompile>
    <ClCompile Include="ModuleGui.cpp">
      <Filter>Modules</Filter>
    </ClCompile>
    <ClCompile Include="mmgr\mmgr.cpp">
      <Filter>Tools\mmgr</Filter>
    </ClCompile>
    <ClCompile Include="mmgr\stdafx.cpp">
      <Filter>Tools\mmgr</Filter>
    </ClCompile>
    <ClCompile Include="MathGeoLib\Geometry\AABB.cpp">
      <Filter>Tools\MatGeoLib</Filter>
    </ClCompile>
    <ClCompile Include="MathGeoLib\Math\BitOps.cpp">
      <Filter>Tools\MatGeoLib</Filter>
    </ClCompile>
    <ClCompile Include="MathGeoLib\Geometry\Capsule.cpp">
      <Filter>Tools\MatGeoLib</Filter>
    </ClCompile>
    <ClCompile Include="MathGeoLib\Geometry\Circle.cpp">
      <Filter>Tools\MatGeoLib</Filter>
    </ClCompile>
    <ClCompile Include="MathGeoLib\Time\Clock.cpp">
      <Filter>Tools\MatGeoLib</Filter>
    </ClCompile>
    <ClCompile Include="MathGeoLib\Math\float2.cpp">
      <Filter>Tools\MatGeoLib</Filter>
    </ClCompile>
    <ClCompile Include="MathGeoLib\Math\float3.cpp">
      <Filter>Tools\MatGeoLib</Filter>
    </ClCompile>
    <ClCompile Include="MathGeoLib\Math\float3x3.cpp">
      <Filter>Tools\MatGeoLib</Filter>
    </ClCompile>
    <ClCompile Include="MathGeoLib\Math\float3x4.cpp">
      <Filter>Tools\MatGeoLib</Filter>
    </ClCompile>
    <ClCompile Include="MathGeoLib\Math\float4.cpp">
      <Filter>Tools\MatGeoLib</Filter>
    </ClCompile>
    <ClCompile Include="MathGeoLib\Math\float4x4.cpp">
      <Filter>Tools\MatGeoLib</Filter>
    </ClCompile>
    <ClCompile Include="MathGeoLib\Geometry\Frustum.cpp">
      <Filter>Tools\MatGeoLib</Filter>
    </ClCompile>
    <ClCompile Include="MathGeoLib\Algorithm\Random\LCG.cpp">
      <Filter>Tools\MatGeoLib</Filter>
    </ClCompile>
    <ClCompile Include="MathGeoLib\Geometry\Line.cpp">
      <Filter>Tools\MatGeoLib</Filter>
    </ClCompile>
    <ClCompile Include="MathGeoLib\Geometry\LineSegment.cpp">
      <Filter>Tools\MatGeoLib</Filter>
    </ClCompile>
    <ClCompile Include="log.cpp">
      <Filter>Tools\MatGeoLib</Filter>
    </ClCompile>
    <ClCompile Include="MathGeoLib\Math\MathFunc.cpp">
      <Filter>Tools\MatGeoLib</Filter>
    </ClCompile>
    <ClCompile Include="MathGeoLib\Math\MathLog.cpp">
      <Filter>Tools\MatGeoLib</Filter>
    </ClCompile>
    <ClCompile Include="MathGeoLib\Math\MathOps.cpp">
      <Filter>Tools\MatGeoLib</Filter>
    </ClCompile>
    <ClCompile Include="MathGeoLib\Geometry\OBB.cpp">
      <Filter>Tools\MatGeoLib</Filter>
    </ClCompile>
    <ClCompile Include="MathGeoLib\Geometry\Plane.cpp">
      <Filter>Tools\MatGeoLib</Filter>
    </ClCompile>
    <ClCompile Include="MathGeoLib\Geometry\Polygon.cpp">
      <Filter>Tools\MatGeoLib</Filter>
    </ClCompile>
    <ClCompile Include="MathGeoLib\Geometry\Polyhedron.cpp">
      <Filter>Tools\MatGeoLib</Filter>
    </ClCompile>
    <ClCompile Include="MathGeoLib\Math\Polynomial.cpp">
      <Filter>Tools\MatGeoLib</Filter>
    </ClCompile>
    <ClCompile Include="MathGeoLib\Math\Quat.cpp">
      <Filter>Tools\MatGeoLib</Filter>
    </ClCompile>
    <ClCompile Include="MathGeoLib\Geometry\Ray.cpp">
      <Filter>Tools\MatGeoLib</Filter>
    </ClCompile>
    <ClCompile Include="MathGeoLib\Geometry\Sphere.cpp">
      <Filter>Tools\MatGeoLib</Filter>
    </ClCompile>
    <ClCompile Include="MathGeoLib\Math\SSEMath.cpp">
      <Filter>Tools\MatGeoLib</Filter>
    </ClCompile>
    <ClCompile Include="Timer.cpp">
      <Filter>Tools\MatGeoLib</Filter>
    </ClCompile>
    <ClCompile Include="MathGeoLib\Math\TransformOps.cpp">
      <Filter>Tools\MatGeoLib</Filter>
    </ClCompile>
    <ClCompile Include="MathGeoLib\Geometry\Triangle.cpp">
      <Filter>Tools\MatGeoLib</Filter>
    </ClCompile>
    <ClCompile Include="MathGeoLib\Geometry\TriangleMesh.cpp">
      <Filter>Tools\MatGeoLib</Filter>
    </ClCompile>
    <ClCompile Include="ModuleHardware.cpp">
      <Filter>Modules</Filter>
    </ClCompile>
    <ClCompile Include="PerfTimer.cpp">
      <Filter>Tools</Filter>
    </ClCompile>
    <ClCompile Include="Globals.cpp" />
    <ClCompile Include="ModuleConsole.cpp">
      <Filter>Modules</Filter>
    </ClCompile>
    <ClCompile Include="Parson\parson.c">
      <Filter>Tools\Parson</Filter>
    </ClCompile>
    <ClCompile Include="ModuleImage.cpp">
      <Filter>Modules</Filter>
    </ClCompile>
    <ClCompile Include="Geometry.cpp">
      <Filter>Geometry</Filter>
    </ClCompile>
    <ClCompile Include="Cube_DirectMode.cpp">
      <Filter>Geometry</Filter>
    </ClCompile>
    <ClCompile Include="Cube_Arrays.cpp">
      <Filter>Geometry</Filter>
    </ClCompile>
    <ClCompile Include="Cube_ArraysandIndex.cpp">
      <Filter>Geometry</Filter>
    </ClCompile>
    <ClCompile Include="ModuleFBX.cpp">
      <Filter>Modules</Filter>
    </ClCompile>
    <ClCompile Include="GLLine.cpp">
      <Filter>Geometry</Filter>
    </ClCompile>
    <ClCompile Include="Arrow.cpp">
      <Filter>Geometry</Filter>
    </ClCompile>
    <ClCompile Include="GLPlane.cpp">
      <Filter>Geometry</Filter>
    </ClCompile>
    <ClCompile Include="Frustrum.cpp">
      <Filter>Geometry</Filter>
    </ClCompile>
    <ClCompile Include="Cylindre.cpp">
      <Filter>Geometry</Filter>
    </ClCompile>
    <ClCompile Include="GLCapsule.cpp">
      <Filter>Geometry</Filter>
    </ClCompile>
    <ClCompile Include="GLSphere.cpp">
      <Filter>Geometry</Filter>
    </ClCompile>
  </ItemGroup>
  <ItemGroup>
    <ClInclude Include="Application.h" />
    <ClInclude Include="Globals.h" />
    <ClInclude Include="Color.h">
      <Filter>Containers</Filter>
    </ClInclude>
    <ClInclude Include="Light.h">
      <Filter>Helpers</Filter>
    </ClInclude>
    <ClInclude Include="Primitive.h">
      <Filter>Helpers</Filter>
    </ClInclude>
    <ClInclude Include="Module.h">
      <Filter>Modules</Filter>
    </ClInclude>
    <ClInclude Include="ModuleCamera3D.h">
      <Filter>Modules</Filter>
    </ClInclude>
    <ClInclude Include="ModuleInput.h">
      <Filter>Modules</Filter>
    </ClInclude>
    <ClInclude Include="ModuleRenderer3D.h">
      <Filter>Modules</Filter>
    </ClInclude>
    <ClInclude Include="ModuleSceneIntro.h">
      <Filter>Modules</Filter>
    </ClInclude>
    <ClInclude Include="ModuleWindow.h">
      <Filter>Modules</Filter>
    </ClInclude>
    <ClInclude Include="imgui-1.65\imconfig.h">
      <Filter>Tools\ImGui</Filter>
    </ClInclude>
    <ClInclude Include="imgui-1.65\imgui.h">
      <Filter>Tools\ImGui</Filter>
    </ClInclude>
    <ClInclude Include="imgui-1.65\imgui_impl_opengl2.h">
      <Filter>Tools\ImGui</Filter>
    </ClInclude>
    <ClInclude Include="imgui-1.65\imgui_impl_sdl.h">
      <Filter>Tools\ImGui</Filter>
    </ClInclude>
    <ClInclude Include="imgui-1.65\imgui_internal.h">
      <Filter>Tools\ImGui</Filter>
    </ClInclude>
    <ClInclude Include="imgui-1.65\imstb_rectpack.h">
      <Filter>Tools\ImGui</Filter>
    </ClInclude>
    <ClInclude Include="imgui-1.65\imstb_textedit.h">
      <Filter>Tools\ImGui</Filter>
    </ClInclude>
    <ClInclude Include="imgui-1.65\imstb_truetype.h">
      <Filter>Tools\ImGui</Filter>
    </ClInclude>
    <ClInclude Include="ModuleGui.h">
      <Filter>Modules</Filter>
    </ClInclude>
    <ClInclude Include="mmgr\mmgr.h">
      <Filter>Tools\mmgr</Filter>
    </ClInclude>
    <ClInclude Include="mmgr\nommgr.h">
      <Filter>Tools\mmgr</Filter>
    </ClInclude>
    <ClInclude Include="mmgr\stdafx.h">
      <Filter>Tools\mmgr</Filter>
    </ClInclude>
    <ClInclude Include="mmgr\targetver.h">
      <Filter>Tools\mmgr</Filter>
    </ClInclude>
    <ClInclude Include="MathGeoLib\Geometry\AABB.h">
      <Filter>Tools\MatGeoLib</Filter>
    </ClInclude>
    <ClInclude Include="MathGeoLib\Geometry\AABB2D.h">
      <Filter>Tools\MatGeoLib</Filter>
    </ClInclude>
    <ClInclude Include="MathGeoLib\Math\assume.h">
      <Filter>Tools\MatGeoLib</Filter>
    </ClInclude>
    <ClInclude Include="MathGeoLib\Math\BitOps.h">
      <Filter>Tools\MatGeoLib</Filter>
    </ClInclude>
    <ClInclude Include="MathGeoLib\Geometry\Capsule.h">
      <Filter>Tools\MatGeoLib</Filter>
    </ClInclude>
    <ClInclude Include="MathGeoLib\Geometry\Circle.h">
      <Filter>Tools\MatGeoLib</Filter>
    </ClInclude>
    <ClInclude Include="MathGeoLib\Time\Clock.h">
      <Filter>Tools\MatGeoLib</Filter>
    </ClInclude>
    <ClInclude Include="MathGeoLib\Math\Complex.h">
      <Filter>Tools\MatGeoLib</Filter>
    </ClInclude>
    <ClInclude Include="MathGeoLib\Math\CoordinateAxisConvention.h">
      <Filter>Tools\MatGeoLib</Filter>
    </ClInclude>
    <ClInclude Include="MathGeoLib\Math\FixedPoint.h">
      <Filter>Tools\MatGeoLib</Filter>
    </ClInclude>
    <ClInclude Include="MathGeoLib\Math\float2.h">
      <Filter>Tools\MatGeoLib</Filter>
    </ClInclude>
    <ClInclude Include="MathGeoLib\Math\float3.h">
      <Filter>Tools\MatGeoLib</Filter>
    </ClInclude>
    <ClInclude Include="MathGeoLib\Math\float3x3.h">
      <Filter>Tools\MatGeoLib</Filter>
    </ClInclude>
    <ClInclude Include="MathGeoLib\Math\float3x4.h">
      <Filter>Tools\MatGeoLib</Filter>
    </ClInclude>
    <ClInclude Include="MathGeoLib\Math\float4.h">
      <Filter>Tools\MatGeoLib</Filter>
    </ClInclude>
    <ClInclude Include="MathGeoLib\Math\float4_neon.h">
      <Filter>Tools\MatGeoLib</Filter>
    </ClInclude>
    <ClInclude Include="MathGeoLib\Math\float4_sse.h">
      <Filter>Tools\MatGeoLib</Filter>
    </ClInclude>
    <ClInclude Include="MathGeoLib\Math\float4x4.h">
      <Filter>Tools\MatGeoLib</Filter>
    </ClInclude>
    <ClInclude Include="MathGeoLib\Math\float4x4_neon.h">
      <Filter>Tools\MatGeoLib</Filter>
    </ClInclude>
    <ClInclude Include="MathGeoLib\Math\float4x4_sse.h">
      <Filter>Tools\MatGeoLib</Filter>
    </ClInclude>
    <ClInclude Include="MathGeoLib\Math\FloatCmp.h">
      <Filter>Tools\MatGeoLib</Filter>
    </ClInclude>
    <ClInclude Include="MathGeoLib\Geometry\Frustum.h">
      <Filter>Tools\MatGeoLib</Filter>
    </ClInclude>
    <ClInclude Include="MathGeoLib\Geometry\GeometryAll.h">
      <Filter>Tools\MatGeoLib</Filter>
    </ClInclude>
    <ClInclude Include="MathGeoLib\Geometry\GeomType.h">
      <Filter>Tools\MatGeoLib</Filter>
    </ClInclude>
    <ClInclude Include="MathGeoLib\Geometry\HitInfo.h">
      <Filter>Tools\MatGeoLib</Filter>
    </ClInclude>
    <ClInclude Include="MathGeoLib\Geometry\KDTree.h">
      <Filter>Tools\MatGeoLib</Filter>
    </ClInclude>
    <ClInclude Include="MathGeoLib\Algorithm\Random\LCG.h">
      <Filter>Tools\MatGeoLib</Filter>
    </ClInclude>
    <ClInclude Include="MathGeoLib\Geometry\Line.h">
      <Filter>Tools\MatGeoLib</Filter>
    </ClInclude>
    <ClInclude Include="MathGeoLib\Geometry\LineSegment.h">
      <Filter>Tools\MatGeoLib</Filter>
    </ClInclude>
    <ClInclude Include="MathGeoLib\Math\MathAll.h">
      <Filter>Tools\MatGeoLib</Filter>
    </ClInclude>
    <ClInclude Include="MathGeoLib\MathBuildConfig.h">
      <Filter>Tools\MatGeoLib</Filter>
    </ClInclude>
    <ClInclude Include="MathGeoLib\Math\MathConstants.h">
      <Filter>Tools\MatGeoLib</Filter>
    </ClInclude>
    <ClInclude Include="MathGeoLib\Math\MathFunc.h">
      <Filter>Tools\MatGeoLib</Filter>
    </ClInclude>
    <ClInclude Include="MathGeoLib\MathGeoLib.h">
      <Filter>Tools\MatGeoLib</Filter>
    </ClInclude>
    <ClInclude Include="MathGeoLib\MathGeoLibFwd.h">
      <Filter>Tools\MatGeoLib</Filter>
    </ClInclude>
    <ClInclude Include="MathGeoLib\Math\MathLog.h">
      <Filter>Tools\MatGeoLib</Filter>
    </ClInclude>
    <ClInclude Include="MathGeoLib\Math\MathNamespace.h">
      <Filter>Tools\MatGeoLib</Filter>
    </ClInclude>
    <ClInclude Include="MathGeoLib\Math\MathTypes.h">
      <Filter>Tools\MatGeoLib</Filter>
    </ClInclude>
    <ClInclude Include="MathGeoLib\Math\MatrixProxy.h">
      <Filter>Tools\MatGeoLib</Filter>
    </ClInclude>
    <ClInclude Include="MathGeoLib\Math\myassert.h">
      <Filter>Tools\MatGeoLib</Filter>
    </ClInclude>
    <ClInclude Include="MathGeoLib\Geometry\OBB.h">
      <Filter>Tools\MatGeoLib</Filter>
    </ClInclude>
    <ClInclude Include="MathGeoLib\Geometry\PBVolume.h">
      <Filter>Tools\MatGeoLib</Filter>
    </ClInclude>
    <ClInclude Include="MathGeoLib\Geometry\Plane.h">
      <Filter>Tools\MatGeoLib</Filter>
    </ClInclude>
    <ClInclude Include="MathGeoLib\Geometry\Polygon.h">
      <Filter>Tools\MatGeoLib</Filter>
    </ClInclude>
    <ClInclude Include="MathGeoLib\Geometry\Polyhedron.h">
      <Filter>Tools\MatGeoLib</Filter>
    </ClInclude>
    <ClInclude Include="MathGeoLib\Math\Polynomial.h">
      <Filter>Tools\MatGeoLib</Filter>
    </ClInclude>
    <ClInclude Include="MathGeoLib\Geometry\QuadTree.h">
      <Filter>Tools\MatGeoLib</Filter>
    </ClInclude>
    <ClInclude Include="MathGeoLib\Math\Quat.h">
      <Filter>Tools\MatGeoLib</Filter>
    </ClInclude>
    <ClInclude Include="MathGeoLib\Math\quat_simd.h">
      <Filter>Tools\MatGeoLib</Filter>
    </ClInclude>
    <ClInclude Include="MathGeoLib\Geometry\Ray.h">
      <Filter>Tools\MatGeoLib</Filter>
    </ClInclude>
    <ClInclude Include="MathGeoLib\Math\Rect.h">
      <Filter>Tools\MatGeoLib</Filter>
    </ClInclude>
    <ClInclude Include="MathGeoLib\Math\Reinterpret.h">
      <Filter>Tools\MatGeoLib</Filter>
    </ClInclude>
    <ClInclude Include="MathGeoLib\Geometry\Sphere.h">
      <Filter>Tools\MatGeoLib</Filter>
    </ClInclude>
    <ClInclude Include="MathGeoLib\Math\sse_mathfun.h">
      <Filter>Tools\MatGeoLib</Filter>
    </ClInclude>
    <ClInclude Include="MathGeoLib\Math\SSEMath.h">
      <Filter>Tools\MatGeoLib</Filter>
    </ClInclude>
    <ClInclude Include="Timer.h">
      <Filter>Tools\MatGeoLib</Filter>
    </ClInclude>
    <ClInclude Include="MathGeoLib\Math\TransformOps.h">
      <Filter>Tools\MatGeoLib</Filter>
    </ClInclude>
    <ClInclude Include="MathGeoLib\Geometry\Triangle.h">
      <Filter>Tools\MatGeoLib</Filter>
    </ClInclude>
    <ClInclude Include="MathGeoLib\Geometry\TriangleMesh.h">
      <Filter>Tools\MatGeoLib</Filter>
    </ClInclude>
    <ClInclude Include="ModuleHardware.h">
      <Filter>Modules</Filter>
    </ClInclude>
    <ClInclude Include="PerfTimer.h">
      <Filter>Tools</Filter>
    </ClInclude>
    <ClInclude Include="Glew\include\glew.h">
      <Filter>Tools\Glew</Filter>
    </ClInclude>
    <ClInclude Include="Glew\include\glxew.h">
      <Filter>Tools\Glew</Filter>
    </ClInclude>
    <ClInclude Include="Glew\include\wglew.h">
      <Filter>Tools\Glew</Filter>
    </ClInclude>
    <ClInclude Include="Glew\include\eglew.h">
      <Filter>Tools\Glew</Filter>
    </ClInclude>
    <ClInclude Include="OpenGL.h">
      <Filter>Tools</Filter>
    </ClInclude>
    <ClInclude Include="ModuleConsole.h">
      <Filter>Modules</Filter>
    </ClInclude>
    <ClInclude Include="Parson\parson.h">
      <Filter>Tools\Parson</Filter>
    </ClInclude>
    <ClInclude Include="ModuleImage.h">
      <Filter>Modules</Filter>
    </ClInclude>
    <ClInclude Include="Gif\gif.h">
      <Filter>Tools\Gif</Filter>
    </ClInclude>
    <ClInclude Include="Geometry.h">
      <Filter>Geometry</Filter>
    </ClInclude>
    <ClInclude Include="Cube_DirectMode.h">
      <Filter>Geometry</Filter>
    </ClInclude>
    <ClInclude Include="Cube_Arrays.h">
      <Filter>Geometry</Filter>
    </ClInclude>
    <ClInclude Include="Cube_ArraysandIndex.h">
      <Filter>Geometry</Filter>
    </ClInclude>
    <ClInclude Include="ModuleFBX.h">
      <Filter>Modules</Filter>
    </ClInclude>
    <ClInclude Include="GLLine.h">
      <Filter>Geometry</Filter>
    </ClInclude>
    <ClInclude Include="Arrow.h">
      <Filter>Geometry</Filter>
    </ClInclude>
    <ClInclude Include="GLPlane.h">
      <Filter>Geometry</Filter>
    </ClInclude>
    <ClInclude Include="Frustrum.h">
      <Filter>Geometry</Filter>
    </ClInclude>
    <ClInclude Include="Cylindre.h">
      <Filter>Geometry</Filter>
    </ClInclude>
    <ClInclude Include="GLCapsule.h">
      <Filter>Geometry</Filter>
    </ClInclude>
    <ClInclude Include="GLSphere.h">
      <Filter>Geometry</Filter>
    </ClInclude>
  </ItemGroup>
  <ItemGroup>
    <Filter Include="Containers">
      <UniqueIdentifier>{18ee8c04-0fd0-4a08-b638-539456a80d80}</UniqueIdentifier>
    </Filter>
    <Filter Include="Helpers">
      <UniqueIdentifier>{671da5dd-c99d-4604-a977-0f25f380471e}</UniqueIdentifier>
    </Filter>
    <Filter Include="Modules">
      <UniqueIdentifier>{937089f1-365d-4409-bfac-51b2eb20a359}</UniqueIdentifier>
    </Filter>
    <Filter Include="Tools">
      <UniqueIdentifier>{f475bbdc-3001-4139-9030-95cdfff58a15}</UniqueIdentifier>
    </Filter>
    <Filter Include="Tools\ImGui">
      <UniqueIdentifier>{54534046-ba58-4ec4-b059-510dced2dbfa}</UniqueIdentifier>
    </Filter>
    <Filter Include="Tools\mmgr">
      <UniqueIdentifier>{fbd09ffc-3fde-4156-b66d-eea2a83bf993}</UniqueIdentifier>
    </Filter>
    <Filter Include="Tools\MatGeoLib">
      <UniqueIdentifier>{67865592-8375-458f-ab97-9d09b02ced9a}</UniqueIdentifier>
    </Filter>
    <Filter Include="Tools\Glew">
      <UniqueIdentifier>{df8c7ae6-1906-4d8f-b863-95c63dc1a148}</UniqueIdentifier>
    </Filter>
    <Filter Include="Tools\Parson">
      <UniqueIdentifier>{416f90f9-c1b7-4adb-a1ce-565a6b028a7b}</UniqueIdentifier>
    </Filter>
    <Filter Include="Tools\Gif">
      <UniqueIdentifier>{b80e695f-ff73-456e-b74f-9c6bf20b1c65}</UniqueIdentifier>
    </Filter>
    <Filter Include="Geometry">
      <UniqueIdentifier>{93d4c818-f118-4ada-949c-077905541d1c}</UniqueIdentifier>
    </Filter>
  </ItemGroup>
  <ItemGroup>
    <None Include="MathGeoLib\Geometry\TriangleMesh_IntersectRay_CPP.inl">
      <Filter>Tools\MatGeoLib</Filter>
    </None>
    <None Include="MathGeoLib\Geometry\KDTree.inl">
      <Filter>Tools\MatGeoLib</Filter>
    </None>
    <None Include="MathGeoLib\Math\Matrix.inl">
      <Filter>Tools\MatGeoLib</Filter>
    </None>
    <None Include="MathGeoLib\Geometry\QuadTree.inl">
      <Filter>Tools\MatGeoLib</Filter>
    </None>
    <None Include="MathGeoLib\Geometry\TriangleMesh_IntersectRay_AVX.inl">
      <Filter>Tools\MatGeoLib</Filter>
    </None>
    <None Include="MathGeoLib\Geometry\TriangleMesh_IntersectRay_SSE.inl">
      <Filter>Tools\MatGeoLib</Filter>
    </None>
  </ItemGroup>
</Project>